github.com/zenklot/learn-go-module v1.0.0 h1:54tQDf4LaaSArowwdDJqaI1Nhe8cajL1xwC1b2pEfss=
github.com/zenklot/learn-go-module v1.0.0/go.mod h1:gJ/0B5rs7/FRgihY91THAwEO8I4bMlPdKRS2swCOXmc=
github.com/zenklot/learn-go-module v1.5.0 h1:zj5rZFIdoQN8+sjnoDLPEy9x/yhmwCRqI0Tah2EtKhE=
github.com/zenklot/learn-go-module v1.5.0/go.mod h1:gJ/0B5rs7/FRgihY91THAwEO8I4bMlPdKRS2swCOXmc=
github.com/zenklot/learn-go-module/v2 v2.0.0 h1:cq/vNhQO+kHMNmwX6eVs3DIIM1b4wHZvGU602S5uyo8=
github.com/zenklot/learn-go-module/v2 v2.0.0/go.mod h1:Kpr7EXCnsA14rPStoP01a4FHia4Pdif0kGYIavjcRs4=
